<?xml version="1.0" encoding="utf-8"?>
<Project ToolsVersion="4.0" xmlns="http://schemas.microsoft.com/developer/msbuild/2003">
  <ItemGroup>
    <Filter Include="Commands">
      <UniqueIdentifier>{df921acc-dfa7-4d31-8dfc-754fb139c57e}</UniqueIdentifier>
    </Filter>
    <Filter Include="Controls">
      <UniqueIdentifier>{922b540d-1a73-45e4-b168-1e81e543f757}</UniqueIdentifier>
    </Filter>
    <Filter Include="Scene">
      <UniqueIdentifier>{ab993131-3baa-46dd-9356-3de345980cfc}</UniqueIdentifier>
    </Filter>
    <Filter Include="Geometry">
      <UniqueIdentifier>{e8797f09-95b2-4938-b336-0b70d056298b}</UniqueIdentifier>
    </Filter>
    <Filter Include="Synth">
      <UniqueIdentifier>{f7425727-f8de-4c3f-954d-f9b0b27b7ac5}</UniqueIdentifier>
    </Filter>
    <Filter Include="Util">
      <UniqueIdentifier>{b6ac3144-40e2-4a11-96f9-0451dda87ec5}</UniqueIdentifier>
    </Filter>
    <Filter Include="App">
      <UniqueIdentifier>{deb48f42-3f8a-44eb-addc-822a21a18669}</UniqueIdentifier>
    </Filter>
    <Filter Include="Factory">
      <UniqueIdentifier>{28777ada-348a-477e-80b4-6c36e047375c}</UniqueIdentifier>
    </Filter>
  </ItemGroup>
  <ItemGroup>
    <ClInclude Include="Command.h">
      <Filter>Commands</Filter>
    </ClInclude>
    <ClInclude Include="PropertyChangeCommand.h">
      <Filter>Commands</Filter>
    </ClInclude>
    <ClInclude Include="DisplayCamera.h">
      <Filter>Controls</Filter>
    </ClInclude>
    <ClInclude Include="Scene.h">
      <Filter>Scene</Filter>
    </ClInclude>
    <ClInclude Include="SceneObject.h">
      <Filter>Scene</Filter>
    </ClInclude>
    <ClInclude Include="GeometricObject.h">
      <Filter>Scene</Filter>
    </ClInclude>
    <ClInclude Include="Mesh.h">
      <Filter>Scene</Filter>
    </ClInclude>
    <ClInclude Include="GeometryGenerator.h">
      <Filter>Geometry</Filter>
    </ClInclude>
    <ClInclude Include="IPickable.h">
      <Filter>Util</Filter>
    </ClInclude>
    <ClInclude Include="SynthObject.h">
      <Filter>Synth</Filter>
    </ClInclude>
    <ClInclude Include="SynthComponent.h">
      <Filter>Synth</Filter>
    </ClInclude>
    <ClInclude Include="PickEngine.h">
      <Filter>Util</Filter>
    </ClInclude>
    <ClInclude Include="SynthScene.h">
      <Filter>Synth</Filter>
    </ClInclude>
    <ClInclude Include="Application.h">
      <Filter>App</Filter>
    </ClInclude>
    <ClInclude Include="CreateSynthComponentCommand.h">
      <Filter>Commands</Filter>
    </ClInclude>
    <ClInclude Include="SynthComponentFactory.h">
      <Filter>Factory</Filter>
    </ClInclude>
    <ClInclude Include="CommandManager.h">
      <Filter>Commands</Filter>
    </ClInclude>
  </ItemGroup>
  <ItemGroup>
    <ClCompile Include="Command.cpp">
      <Filter>Commands</Filter>
    </ClCompile>
    <ClCompile Include="DisplayCamera.cpp">
      <Filter>Controls</Filter>
    </ClCompile>
    <ClCompile Include="Scene.cpp">
      <Filter>Scene</Filter>
    </ClCompile>
    <ClCompile Include="SceneObject.cpp">
      <Filter>Scene</Filter>
    </ClCompile>
    <ClCompile Include="GeometricObject.cpp">
      <Filter>Scene</Filter>
    </ClCompile>
    <ClCompile Include="Mesh.cpp">
      <Filter>Scene</Filter>
    </ClCompile>
    <ClCompile Include="GeometryGenerator.cpp">
      <Filter>Geometry</Filter>
    </ClCompile>
    <ClCompile Include="IPickable.cpp">
      <Filter>Util</Filter>
    </ClCompile>
    <ClCompile Include="SynthObject.cpp">
      <Filter>Synth</Filter>
    </ClCompile>
    <ClCompile Include="SynthComponent.cpp">
      <Filter>Synth</Filter>
    </ClCompile>
    <ClCompile Include="PickEngine.cpp">
      <Filter>Util</Filter>
    </ClCompile>
    <ClCompile Include="SynthScene.cpp">
      <Filter>Synth</Filter>
    </ClCompile>
    <ClCompile Include="Application.cpp">
      <Filter>App</Filter>
    </ClCompile>
    <ClCompile Include="CreateSynthComponentCommand.cpp">
      <Filter>Commands</Filter>
    </ClCompile>
    <ClCompile Include="SynthComponentFactory.cpp">
      <Filter>Factory</Filter>
    </ClCompile>
    <ClCompile Include="CommandManager.cpp">
      <Filter>Commands</Filter>
    </ClCompile>
  </ItemGroup>
</Project>