
Microsoft Visual Studio Solution File, Format Version 12.00
# Visual Studio 2013
VisualStudioVersion = 12.0.31101.0
MinimumVisualStudioVersion = 10.0.40219.1
Project("{8BC9CEB8-8B4A-11D0-8D11-00A0C91BC942}") = "Assist", "Src\Assist\Assist.vcxproj", "{FFEC2014-4B09-4B60-B14F-9CED1C295B59}"
EndProject
Project("{8BC9CEB8-8B4A-11D0-8D11-00A0C91BC942}") = "Audio", "Src\Audio\Audio.vcxproj", "{EC93D2B6-5CD7-4A65-91B0-57A4A3FCD52E}"
EndProject
Project("{8BC9CEB8-8B4A-11D0-8D11-00A0C91BC942}") = "Render", "Src\Render\Render.vcxproj", "{43F72261-D28D-4AA4-9EBF-7C4828699135}"
EndProject
Project("{8BC9CEB8-8B4A-11D0-8D11-00A0C91BC942}") = "System", "Src\System\System.vcxproj", "{92A8D6BD-BC20-43AD-929D-CE560ABB99CA}"
EndProject
Project("{8BC9CEB8-8B4A-11D0-8D11-00A0C91BC942}") = "Test_AudioTest", "Src\Test_AudioTest\Test_AudioTest.vcxproj", "{C373DB16-9FE1-4912-8FA9-7A97F445B030}"
EndProject
Project("{8BC9CEB8-8B4A-11D0-8D11-00A0C91BC942}") = "Test_UnitTests", "Src\Test_UnitTests\Test_UnitTests.vcxproj", "{9749FDE2-08A9-40A1-8673-812525CE789E}"
EndProject
Project("{8BC9CEB8-8B4A-11D0-8D11-00A0C91BC942}") = "_SolutionSettings", "Src\_SolutionSettings\_SolutionSettings.vcxproj", "{4BB00C20-9F30-4133-9F26-07CEFCC1465C}"
EndProject
Project("{8BC9CEB8-8B4A-11D0-8D11-00A0C91BC942}") = "Editor", "Src\Editor\Editor.vcxproj", "{69748F80-CAF9-408C-B930-5E6C786EB0AC}"
EndProject
Project("{8BC9CEB8-8B4A-11D0-8D11-00A0C91BC942}") = "Test_QtIntegration", "Src\Test_QtIntegration\Test_QtIntegration.vcxproj", "{6D120086-9C33-48B7-BB15-8CB764E9349A}"
EndProject
Project("{8BC9CEB8-8B4A-11D0-8D11-00A0C91BC942}") = "Test_EmptyDemo", "Src\Test_EmptyDemo\Test_EmptyDemo.vcxproj", "{845106DC-A043-4E10-88D2-3DC03CAB6595}"
EndProject
Project("{8BC9CEB8-8B4A-11D0-8D11-00A0C91BC942}") = "Test_RenderTest", "Src\Test_RenderTest\Test_RenderTest.vcxproj", "{6AAE46E4-CFD5-4958-BB9B-0153F58F7230}"
EndProject
Project("{8BC9CEB8-8B4A-11D0-8D11-00A0C91BC942}") = "Application", "Src\Application\Application.vcxproj", "{49F0FF2C-4EFA-42F8-9972-635DB6EA7EAE}"
EndProject
Project("{8BC9CEB8-8B4A-11D0-8D11-00A0C91BC942}") = "BL", "Src\BL\BL.vcxproj", "{CAE2ACA4-50C4-4E6D-8C5D-738BD241B055}"
EndProject
Project("{8BC9CEB8-8B4A-11D0-8D11-00A0C91BC942}") = "Graphics", "Src\Graphics\Graphics.vcxproj", "{229F4ACC-11DD-4E2B-81C4-BBE6FA0032E8}"
EndProject
Global
	GlobalSection(SolutionConfigurationPlatforms) = preSolution
		Debug|Win32 = Debug|Win32
		DemoRelease|Win32 = DemoRelease|Win32
		Release|Win32 = Release|Win32
	EndGlobalSection
	GlobalSection(ProjectConfigurationPlatforms) = postSolution
		{FFEC2014-4B09-4B60-B14F-9CED1C295B59}.Debug|Win32.ActiveCfg = Debug|Win32
		{FFEC2014-4B09-4B60-B14F-9CED1C295B59}.Debug|Win32.Build.0 = Debug|Win32
		{FFEC2014-4B09-4B60-B14F-9CED1C295B59}.DemoRelease|Win32.ActiveCfg = DemoRelease|Win32
		{FFEC2014-4B09-4B60-B14F-9CED1C295B59}.DemoRelease|Win32.Build.0 = DemoRelease|Win32
		{FFEC2014-4B09-4B60-B14F-9CED1C295B59}.Release|Win32.ActiveCfg = Release|Win32
		{FFEC2014-4B09-4B60-B14F-9CED1C295B59}.Release|Win32.Build.0 = Release|Win32
		{EC93D2B6-5CD7-4A65-91B0-57A4A3FCD52E}.Debug|Win32.ActiveCfg = Debug|Win32
		{EC93D2B6-5CD7-4A65-91B0-57A4A3FCD52E}.Debug|Win32.Build.0 = Debug|Win32
		{EC93D2B6-5CD7-4A65-91B0-57A4A3FCD52E}.DemoRelease|Win32.ActiveCfg = DemoRelease|Win32
		{EC93D2B6-5CD7-4A65-91B0-57A4A3FCD52E}.DemoRelease|Win32.Build.0 = DemoRelease|Win32
		{EC93D2B6-5CD7-4A65-91B0-57A4A3FCD52E}.Release|Win32.ActiveCfg = Release|Win32
		{EC93D2B6-5CD7-4A65-91B0-57A4A3FCD52E}.Release|Win32.Build.0 = Release|Win32
		{43F72261-D28D-4AA4-9EBF-7C4828699135}.Debug|Win32.ActiveCfg = Debug|Win32
		{43F72261-D28D-4AA4-9EBF-7C4828699135}.Debug|Win32.Build.0 = Debug|Win32
		{43F72261-D28D-4AA4-9EBF-7C4828699135}.DemoRelease|Win32.ActiveCfg = DemoRelease|Win32
		{43F72261-D28D-4AA4-9EBF-7C4828699135}.DemoRelease|Win32.Build.0 = DemoRelease|Win32
		{43F72261-D28D-4AA4-9EBF-7C4828699135}.Release|Win32.ActiveCfg = Release|Win32
		{43F72261-D28D-4AA4-9EBF-7C4828699135}.Release|Win32.Build.0 = Release|Win32
		{92A8D6BD-BC20-43AD-929D-CE560ABB99CA}.Debug|Win32.ActiveCfg = Debug|Win32
		{92A8D6BD-BC20-43AD-929D-CE560ABB99CA}.Debug|Win32.Build.0 = Debug|Win32
		{92A8D6BD-BC20-43AD-929D-CE560ABB99CA}.DemoRelease|Win32.ActiveCfg = DemoRelease|Win32
		{92A8D6BD-BC20-43AD-929D-CE560ABB99CA}.DemoRelease|Win32.Build.0 = DemoRelease|Win32
		{92A8D6BD-BC20-43AD-929D-CE560ABB99CA}.Release|Win32.ActiveCfg = Release|Win32
		{92A8D6BD-BC20-43AD-929D-CE560ABB99CA}.Release|Win32.Build.0 = Release|Win32
		{C373DB16-9FE1-4912-8FA9-7A97F445B030}.Debug|Win32.ActiveCfg = Debug|Win32
		{C373DB16-9FE1-4912-8FA9-7A97F445B030}.Debug|Win32.Build.0 = Debug|Win32
		{C373DB16-9FE1-4912-8FA9-7A97F445B030}.DemoRelease|Win32.ActiveCfg = DemoRelease|Win32
		{C373DB16-9FE1-4912-8FA9-7A97F445B030}.Release|Win32.ActiveCfg = Release|Win32
		{C373DB16-9FE1-4912-8FA9-7A97F445B030}.Release|Win32.Build.0 = Release|Win32
		{9749FDE2-08A9-40A1-8673-812525CE789E}.Debug|Win32.ActiveCfg = Debug|Win32
		{9749FDE2-08A9-40A1-8673-812525CE789E}.Debug|Win32.Build.0 = Debug|Win32
		{9749FDE2-08A9-40A1-8673-812525CE789E}.DemoRelease|Win32.ActiveCfg = Release|Win32
		{9749FDE2-08A9-40A1-8673-812525CE789E}.Release|Win32.ActiveCfg = Release|Win32
		{9749FDE2-08A9-40A1-8673-812525CE789E}.Release|Win32.Build.0 = Release|Win32
		{4BB00C20-9F30-4133-9F26-07CEFCC1465C}.Debug|Win32.ActiveCfg = Debug|Win32
		{4BB00C20-9F30-4133-9F26-07CEFCC1465C}.Debug|Win32.Build.0 = Debug|Win32
		{4BB00C20-9F30-4133-9F26-07CEFCC1465C}.DemoRelease|Win32.ActiveCfg = DemoRelease|Win32
		{4BB00C20-9F30-4133-9F26-07CEFCC1465C}.DemoRelease|Win32.Build.0 = DemoRelease|Win32
		{4BB00C20-9F30-4133-9F26-07CEFCC1465C}.Release|Win32.ActiveCfg = Release|Win32
		{4BB00C20-9F30-4133-9F26-07CEFCC1465C}.Release|Win32.Build.0 = Release|Win32
		{69748F80-CAF9-408C-B930-5E6C786EB0AC}.Debug|Win32.ActiveCfg = Debug|Win32
		{69748F80-CAF9-408C-B930-5E6C786EB0AC}.Debug|Win32.Build.0 = Debug|Win32
		{69748F80-CAF9-408C-B930-5E6C786EB0AC}.DemoRelease|Win32.ActiveCfg = DemoRelease|Win32
		{69748F80-CAF9-408C-B930-5E6C786EB0AC}.Release|Win32.ActiveCfg = Release|Win32
		{69748F80-CAF9-408C-B930-5E6C786EB0AC}.Release|Win32.Build.0 = Release|Win32
		{6D120086-9C33-48B7-BB15-8CB764E9349A}.Debug|Win32.ActiveCfg = Debug|Win32
		{6D120086-9C33-48B7-BB15-8CB764E9349A}.Debug|Win32.Build.0 = Debug|Win32
		{6D120086-9C33-48B7-BB15-8CB764E9349A}.DemoRelease|Win32.ActiveCfg = DemoRelease|Win32
		{6D120086-9C33-48B7-BB15-8CB764E9349A}.Release|Win32.ActiveCfg = Release|Win32
		{6D120086-9C33-48B7-BB15-8CB764E9349A}.Release|Win32.Build.0 = Release|Win32
		{845106DC-A043-4E10-88D2-3DC03CAB6595}.Debug|Win32.ActiveCfg = Debug|Win32
		{845106DC-A043-4E10-88D2-3DC03CAB6595}.Debug|Win32.Build.0 = Debug|Win32
		{845106DC-A043-4E10-88D2-3DC03CAB6595}.DemoRelease|Win32.ActiveCfg = DemoRelease|Win32
		{845106DC-A043-4E10-88D2-3DC03CAB6595}.DemoRelease|Win32.Build.0 = DemoRelease|Win32
		{845106DC-A043-4E10-88D2-3DC03CAB6595}.Release|Win32.ActiveCfg = Release|Win32
		{845106DC-A043-4E10-88D2-3DC03CAB6595}.Release|Win32.Build.0 = Release|Win32
		{6AAE46E4-CFD5-4958-BB9B-0153F58F7230}.Debug|Win32.ActiveCfg = Debug|Win32
		{6AAE46E4-CFD5-4958-BB9B-0153F58F7230}.Debug|Win32.Build.0 = Debug|Win32
		{6AAE46E4-CFD5-4958-BB9B-0153F58F7230}.DemoRelease|Win32.ActiveCfg = DemoRelease|Win32
		{6AAE46E4-CFD5-4958-BB9B-0153F58F7230}.Release|Win32.ActiveCfg = Release|Win32
		{6AAE46E4-CFD5-4958-BB9B-0153F58F7230}.Release|Win32.Build.0 = Release|Win32
		{49F0FF2C-4EFA-42F8-9972-635DB6EA7EAE}.Debug|Win32.ActiveCfg = Debug|Win32
		{49F0FF2C-4EFA-42F8-9972-635DB6EA7EAE}.Debug|Win32.Build.0 = Debug|Win32
		{49F0FF2C-4EFA-42F8-9972-635DB6EA7EAE}.DemoRelease|Win32.ActiveCfg = DemoRelease|Win32
		{49F0FF2C-4EFA-42F8-9972-635DB6EA7EAE}.Release|Win32.ActiveCfg = Release|Win32
		{49F0FF2C-4EFA-42F8-9972-635DB6EA7EAE}.Release|Win32.Build.0 = Release|Win32
		{CAE2ACA4-50C4-4E6D-8C5D-738BD241B055}.Debug|Win32.ActiveCfg = Debug|Win32
		{CAE2ACA4-50C4-4E6D-8C5D-738BD241B055}.Debug|Win32.Build.0 = Debug|Win32
		{CAE2ACA4-50C4-4E6D-8C5D-738BD241B055}.DemoRelease|Win32.ActiveCfg = DemoRelease|Win32
		{CAE2ACA4-50C4-4E6D-8C5D-738BD241B055}.DemoRelease|Win32.Build.0 = DemoRelease|Win32
		{CAE2ACA4-50C4-4E6D-8C5D-738BD241B055}.Release|Win32.ActiveCfg = Release|Win32
		{CAE2ACA4-50C4-4E6D-8C5D-738BD241B055}.Release|Win32.Build.0 = Release|Win32
		{229F4ACC-11DD-4E2B-81C4-BBE6FA0032E8}.Debug|Win32.ActiveCfg = Debug|Win32
		{229F4ACC-11DD-4E2B-81C4-BBE6FA0032E8}.Debug|Win32.Build.0 = Debug|Win32
		{229F4ACC-11DD-4E2B-81C4-BBE6FA0032E8}.DemoRelease|Win32.ActiveCfg = DemoRelease|Win32
		{229F4ACC-11DD-4E2B-81C4-BBE6FA0032E8}.DemoRelease|Win32.Build.0 = DemoRelease|Win32
		{229F4ACC-11DD-4E2B-81C4-BBE6FA0032E8}.Release|Win32.ActiveCfg = Release|Win32
		{229F4ACC-11DD-4E2B-81C4-BBE6FA0032E8}.Release|Win32.Build.0 = Release|Win32
	EndGlobalSection
	GlobalSection(SolutionProperties) = preSolution
		HideSolutionNode = FALSE
	EndGlobalSection
EndGlobal
