<?xml version="1.0" encoding="utf-8"?>
<Project ToolsVersion="4.0" xmlns="http://schemas.microsoft.com/developer/msbuild/2003">
  <ItemGroup>
    <ClInclude Include="Color.h" />
    <ClInclude Include="Common.h" />
    <ClInclude Include="Matrix3x3.hpp">
      <Filter>Math</Filter>
    </ClInclude>
    <ClInclude Include="Matrix4x4.hpp">
      <Filter>Math</Filter>
    </ClInclude>
    <ClInclude Include="Math\MatrixNxN.hpp">
      <Filter>Math</Filter>
    </ClInclude>
    <ClInclude Include="MatrixNxN.hpp">
      <Filter>Math</Filter>
    </ClInclude>
    <ClInclude Include="Quaternion.hpp">
      <Filter>Math</Filter>
    </ClInclude>
    <ClInclude Include="Transform.hpp">
      <Filter>Math</Filter>
    </ClInclude>
    <ClInclude Include="Vector3.hpp">
      <Filter>Math</Filter>
    </ClInclude>
    <ClInclude Include="Array.h">
      <Filter>DataStructures</Filter>
    </ClInclude>
    <ClInclude Include="Memory.h">
      <Filter>Memory</Filter>
    </ClInclude>
    <ClInclude Include="MathCommon.h">
      <Filter>Math</Filter>
    </ClInclude>
    <ClInclude Include="RandomXS.h">
      <Filter>Random</Filter>
    </ClInclude>
    <ClInclude Include="Random.h">
      <Filter>Random</Filter>
    </ClInclude>
    <ClInclude Include="RandomMT.hpp">
      <Filter>Random</Filter>
    </ClInclude>
    <ClInclude Include="Timer.h">
      <Filter>Timing</Filter>
    </ClInclude>
    <ClInclude Include="SolutionBuildConfig.h" />
    <ClInclude Include="Vector2.h">
      <Filter>Math</Filter>
    </ClInclude>
    <ClInclude Include="Property.h">
      <Filter>Property</Filter>
    </ClInclude>
    <ClInclude Include="String.h">
      <Filter>String</Filter>
    </ClInclude>
    <ClInclude Include="PropertyOwner.h">
      <Filter>Property</Filter>
    </ClInclude>
    <ClInclude Include="Event.h">
      <Filter>Property</Filter>
    </ClInclude>
    <ClInclude Include="Delegate.h">
      <Filter>Property</Filter>
    </ClInclude>
    <ClInclude Include="ObjectArray.h">
      <Filter>DataStructures</Filter>
    </ClInclude>
    <ClInclude Include="Mutex.h">
      <Filter>Threading</Filter>
    </ClInclude>
    <ClInclude Include="Thread.h">
      <Filter>Threading</Filter>
    </ClInclude>
    <ClInclude Include="List.h">
      <Filter>DataStructures</Filter>
    </ClInclude>
    <ClInclude Include="ThreadManager.h">
      <Filter>Threading</Filter>
    </ClInclude>
    <ClInclude Include="Map.h">
      <Filter>DataStructures</Filter>
    </ClInclude>
    <ClInclude Include="Typeid.h">
      <Filter>Property</Filter>
    </ClInclude>
    <ClInclude Include="UIDGenerator.h">
      <Filter>Property</Filter>
    </ClInclude>
    <ClInclude Include="ObjectUID.h">
      <Filter>Property</Filter>
    </ClInclude>
  </ItemGroup>
  <ItemGroup>
    <ClCompile Include="Color.cpp" />
    <ClCompile Include="Common.cpp" />
    <ClCompile Include="Matrix3x3.cpp">
      <Filter>Math</Filter>
    </ClCompile>
    <ClCompile Include="Matrix4x4.cpp">
      <Filter>Math</Filter>
    </ClCompile>
    <ClCompile Include="Quaternion.cpp">
      <Filter>Math</Filter>
    </ClCompile>
    <ClCompile Include="Transform.cpp">
      <Filter>Math</Filter>
    </ClCompile>
    <ClCompile Include="Vector3.cpp">
      <Filter>Math</Filter>
    </ClCompile>
    <ClCompile Include="Memory.cpp">
      <Filter>Memory</Filter>
    </ClCompile>
    <ClCompile Include="MathCommon.cpp">
      <Filter>Math</Filter>
    </ClCompile>
    <ClCompile Include="RandomMT.cpp">
      <Filter>Random</Filter>
    </ClCompile>
    <ClCompile Include="RandomXS.cpp">
      <Filter>Random</Filter>
    </ClCompile>
    <ClCompile Include="Timer.cpp">
      <Filter>Timing</Filter>
    </ClCompile>
    <ClCompile Include="Property.cpp">
      <Filter>Property</Filter>
    </ClCompile>
    <ClCompile Include="String.cpp">
      <Filter>String</Filter>
    </ClCompile>
    <ClCompile Include="PropertyOwner.cpp">
      <Filter>Property</Filter>
    </ClCompile>
    <ClCompile Include="Mutex.cpp">
      <Filter>Threading</Filter>
    </ClCompile>
    <ClCompile Include="Thread.cpp">
      <Filter>Threading</Filter>
    </ClCompile>
    <ClCompile Include="ThreadManager.cpp">
      <Filter>Threading</Filter>
    </ClCompile>
    <ClCompile Include="UIDGenerator.cpp">
      <Filter>Property</Filter>
    </ClCompile>
    <ClCompile Include="ObjectUID.cpp">
      <Filter>Property</Filter>
    </ClCompile>
  </ItemGroup>
  <ItemGroup>
    <Filter Include="Math">
      <UniqueIdentifier>{e2ee7716-18e0-48e0-a9f1-423ccd5d8f88}</UniqueIdentifier>
    </Filter>
    <Filter Include="Memory">
      <UniqueIdentifier>{984bd3a8-a74a-4721-83eb-02f05b04d392}</UniqueIdentifier>
    </Filter>
    <Filter Include="DataStructures">
      <UniqueIdentifier>{2c75242b-a35a-4d7e-a03f-b16cd33d2981}</UniqueIdentifier>
    </Filter>
    <Filter Include="Random">
      <UniqueIdentifier>{504bcd74-2099-4bd3-8984-32192d93506a}</UniqueIdentifier>
    </Filter>
    <Filter Include="Timing">
      <UniqueIdentifier>{36ee3dbb-0006-46d3-a253-bf3eb6b4418c}</UniqueIdentifier>
    </Filter>
    <Filter Include="Property">
      <UniqueIdentifier>{7668bf28-c8b2-413b-851f-1c02dabb160c}</UniqueIdentifier>
    </Filter>
    <Filter Include="String">
      <UniqueIdentifier>{2e911859-a55d-40fd-aa5f-d03924b07af7}</UniqueIdentifier>
    </Filter>
    <Filter Include="Threading">
      <UniqueIdentifier>{f0db9898-13be-4dbb-ae85-7822953ebfe4}</UniqueIdentifier>
    </Filter>
  </ItemGroup>
</Project>