<?xml version="1.0" encoding="utf-8"?>
<Project ToolsVersion="4.0" xmlns="http://schemas.microsoft.com/developer/msbuild/2003">
  <ItemGroup>
    <Filter Include="Audio">
      <UniqueIdentifier>{f7425727-f8de-4c3f-954d-f9b0b27b7ac5}</UniqueIdentifier>
    </Filter>
  </ItemGroup>
  <ItemGroup>
    <ClInclude Include="ModelSynthComponent.h" />
    <ClInclude Include="ModelSynthTrack.h">
      <Filter>Audio</Filter>
    </ClInclude>
  </ItemGroup>
  <ItemGroup>
    <ClCompile Include="ModelSynthComponent.cpp" />
    <ClCompile Include="ModelSynthTrack.cpp">
      <Filter>Audio</Filter>
    </ClCompile>
  </ItemGroup>
</Project>